
Microsoft Visual Studio Solution File, Format Version 12.00
# Visual Studio Version 17
VisualStudioVersion = 17.7.34221.43
MinimumVisualStudioVersion = 10.0.40219.1
Project("{FAE04EC0-301F-11D3-BF4B-00C04F79EFBC}") = "Inheritance_Single", "Inheritance_Single\Inheritance_Single.csproj", "{02751F82-7749-46CD-A967-35659993BF80}"
EndProject
Global
	GlobalSection(SolutionConfigurationPlatforms) = preSolution
		Debug|Any CPU = Debug|Any CPU
		Release|Any CPU = Release|Any CPU
	EndGlobalSection
	GlobalSection(ProjectConfigurationPlatforms) = postSolution
		{02751F82-7749-46CD-A967-35659993BF80}.Debug|Any CPU.ActiveCfg = Debug|Any CPU
		{02751F82-7749-46CD-A967-35659993BF80}.Debug|Any CPU.Build.0 = Debug|Any CPU
		{02751F82-7749-46CD-A967-35659993BF80}.Release|Any CPU.ActiveCfg = Release|Any CPU
		{02751F82-7749-46CD-A967-35659993BF80}.Release|Any CPU.Build.0 = Release|Any CPU
	EndGlobalSection
	GlobalSection(SolutionProperties) = preSolution
		HideSolutionNode = FALSE
	EndGlobalSection
	GlobalSection(ExtensibilityGlobals) = postSolution
		SolutionGuid = {52A9BE20-E464-4030-ABDF-B3277E2E8CAC}
	EndGlobalSection
EndGlobal
