
Microsoft Visual Studio Solution File, Format Version 12.00
# Visual Studio Version 17
VisualStudioVersion = 17.7.34221.43
MinimumVisualStudioVersion = 10.0.40219.1
Project("{9A19103F-16F7-4668-BE54-9A1E7A4F7556}") = "SeralizeAndDeserializeBy_HttpClient_Newtonsoft_RestSharp", "HttpClient_SerializeAndDeserialize\SeralizeAndDeserializeBy_HttpClient_Newtonsoft_RestSharp.csproj", "{CC9D0F5A-2923-4F84-9CFF-5754CD2CD587}"
EndProject
Global
	GlobalSection(SolutionConfigurationPlatforms) = preSolution
		Debug|Any CPU = Debug|Any CPU
		Release|Any CPU = Release|Any CPU
	EndGlobalSection
	GlobalSection(ProjectConfigurationPlatforms) = postSolution
		{CC9D0F5A-2923-4F84-9CFF-5754CD2CD587}.Debug|Any CPU.ActiveCfg = Debug|Any CPU
		{CC9D0F5A-2923-4F84-9CFF-5754CD2CD587}.Debug|Any CPU.Build.0 = Debug|Any CPU
		{CC9D0F5A-2923-4F84-9CFF-5754CD2CD587}.Release|Any CPU.ActiveCfg = Release|Any CPU
		{CC9D0F5A-2923-4F84-9CFF-5754CD2CD587}.Release|Any CPU.Build.0 = Release|Any CPU
	EndGlobalSection
	GlobalSection(SolutionProperties) = preSolution
		HideSolutionNode = FALSE
	EndGlobalSection
	GlobalSection(ExtensibilityGlobals) = postSolution
		SolutionGuid = {9014A69B-8E02-4928-BDF4-67C5A1B67AE4}
	EndGlobalSection
EndGlobal
